
Microsoft Visual Studio Solution File, Format Version 12.00
# Visual Studio Version 17
VisualStudioVersion = 17.10.35122.118
MinimumVisualStudioVersion = 10.0.40219.1
Project("{FAE04EC0-301F-11D3-BF4B-00C04F79EFBC}") = "AreaExaple", "AreaExaple\AreaExaple.csproj", "{66F7E431-546D-4F18-8476-7018F2CA6732}"
EndProject
Global
	GlobalSection(SolutionConfigurationPlatforms) = preSolution
		Debug|Any CPU = Debug|Any CPU
		Release|Any CPU = Release|Any CPU
	EndGlobalSection
	GlobalSection(ProjectConfigurationPlatforms) = postSolution
		{66F7E431-546D-4F18-8476-7018F2CA6732}.Debug|Any CPU.ActiveCfg = Debug|Any CPU
		{66F7E431-546D-4F18-8476-7018F2CA6732}.Debug|Any CPU.Build.0 = Debug|Any CPU
		{66F7E431-546D-4F18-8476-7018F2CA6732}.Release|Any CPU.ActiveCfg = Release|Any CPU
		{66F7E431-546D-4F18-8476-7018F2CA6732}.Release|Any CPU.Build.0 = Release|Any CPU
	EndGlobalSection
	GlobalSection(SolutionProperties) = preSolution
		HideSolutionNode = FALSE
	EndGlobalSection
	GlobalSection(ExtensibilityGlobals) = postSolution
		SolutionGuid = {F8383617-AC39-4AEC-9A2E-D6EEF7C401F6}
	EndGlobalSection
EndGlobal
